// !$*UTF8*$!
{
	archiveVersion = 1;
	classes = {
	};
	objectVersion = 46;
	objects = {

/* Begin PBXBuildFile section */
		F7D9F9EA1C5B2F160033B20F /* AppDelegate.swift in Sources */ = {isa = PBXBuildFile; fileRef = F7D9F9E91C5B2F160033B20F /* AppDelegate.swift */; };
		F7D9F9EC1C5B2F160033B20F /* ViewController.swift in Sources */ = {isa = PBXBuildFile; fileRef = F7D9F9EB1C5B2F160033B20F /* ViewController.swift */; };
		F7D9F9EF1C5B2F160033B20F /* Main.storyboard in Resources */ = {isa = PBXBuildFile; fileRef = F7D9F9ED1C5B2F160033B20F /* Main.storyboard */; };
		F7D9F9F11C5B2F160033B20F /* Assets.xcassets in Resources */ = {isa = PBXBuildFile; fileRef = F7D9F9F01C5B2F160033B20F /* Assets.xcassets */; };
		F7D9F9F41C5B2F160033B20F /* LaunchScreen.storyboard in Resources */ = {isa = PBXBuildFile; fileRef = F7D9F9F21C5B2F160033B20F /* LaunchScreen.storyboard */; };
/* End PBXBuildFile section */

/* Begin PBXFileReference section */
		F7D9F9E61C5B2F160033B20F /* date.app */ = {isa = PBXFileReference; explicitFileType = wrapper.application; includeInIndex = 0; path = date.app; sourceTree = BUILT_PRODUCTS_DIR; };
		F7D9F9E91C5B2F160033B20F /* AppDelegate.swift */ = {isa = PBXFileReference; lastKnownFileType = sourcecode.swift; path = AppDelegate.swift; sourceTree = "<group>"; };
		F7D9F9EB1C5B2F160033B20F /* ViewController.swift */ = {isa = PBXFileReference; lastKnownFileType = sourcecode.swift; path = ViewController.swift; sourceTree = "<group>"; };
		F7D9F9EE1C5B2F160033B20F /* Base */ = {isa = PBXFileReference; lastKnownFileType = file.storyboard; name = Base; path = Base.lproj/Main.storyboard; sourceTree = "<group>"; };
		F7D9F9F01C5B2F160033B20F /* Assets.xcassets */ = {isa = PBXFileReference; lastKnownFileType = folder.assetcatalog; path = Assets.xcassets; sourceTree = "<group>"; };
		F7D9F9F31C5B2F160033B20F /* Base */ = {isa = PBXFileReference; lastKnownFileType = file.storyboard; name = Base; path = Base.lproj/LaunchScreen.storyboard; sourceTree = "<group>"; };
		F7D9F9F51C5B2F160033B20F /* Info.plist */ = {isa = PBXFileReference; lastKnownFileType = text.plist.xml; path = Info.plist; sourceTree = "<group>"; };
/* End PBXFileReference section */

/* Begin PBXFrameworksBuildPhase section */
		F7D9F9E31C5B2F160033B20F /* Frameworks */ = {
			isa = PBXFrameworksBuildPhase;
			buildActionMask = 2147483647;
			files = (
			);
			runOnlyForDeploymentPostprocessing = 0;
		};
/* End PBXFrameworksBuildPhase section */

/* Begin PBXGroup section */
		F7D9F9DD1C5B2F160033B20F = {
			isa = PBXGroup;
			children = (
				F7D9F9E81C5B2F160033B20F /* date */,
				F7D9F9E71C5B2F160033B20F /* Products */,
			);
			sourceTree = "<group>";
		};
		F7D9F9E71C5B2F160033B20F /* Products */ = {
			isa = PBXGroup;
			children = (
				F7D9F9E61C5B2F160033B20F /* date.app */,
			);
			name = Products;
			sourceTree = "<group>";
		};
		F7D9F9E81C5B2F160033B20F /* date */ = {
			isa = PBXGroup;
			children = (
				F7D9F9E91C5B2F160033B20F /* AppDelegate.swift */,
				F7D9F9EB1C5B2F160033B20F /* ViewController.swift */,
				F7D9F9ED1C5B2F160033B20F /* Main.storyboard */,
				F7D9F9F01C5B2F160033B20F /* Assets.xcassets */,
				F7D9F9F21C5B2F160033B20F /* LaunchScreen.storyboard */,
				F7D9F9F51C5B2F160033B20F /* Info.plist */,
			);
			path = date;
			sourceTree = "<group>";
		};
/* End PBXGroup section */

/* Begin PBXNativeTarget section */
		F7D9F9E51C5B2F160033B20F /* date */ = {
			isa = PBXNativeTarget;
			buildConfigurationList = F7D9F9F81C5B2F160033B20F /* Build configuration list for PBXNativeTarget "date" */;
			buildPhases = (
				F7D9F9E21C5B2F160033B20F /* Sources */,
				F7D9F9E31C5B2F160033B20F /* Frameworks */,
				F7D9F9E41C5B2F160033B20F /* Resources */,
			);
			buildRules = (
			);
			dependencies = (
			);
			name = date;
			productName = date;
			productReference = F7D9F9E61C5B2F160033B20F /* date.app */;
			productType = "com.apple.product-type.application";
		};
/* End PBXNativeTarget section */

/* Begin PBXProject section */
		F7D9F9DE1C5B2F160033B20F /* Project object */ = {
			isa = PBXProject;
			attributes = {
				LastSwiftUpdateCheck = 0720;
				LastUpgradeCheck = 0720;
				ORGANIZATIONNAME = " NorthCity";
				TargetAttributes = {
					F7D9F9E51C5B2F160033B20F = {
						CreatedOnToolsVersion = 7.2;
					};
				};
			};
			buildConfigurationList = F7D9F9E11C5B2F160033B20F /* Build configuration list for PBXProject "date" */;
			compatibilityVersion = "Xcode 3.2";
			developmentRegion = English;
			hasScannedForEncodings = 0;
			knownRegions = (
				en,
				Base,
			);
			mainGroup = F7D9F9DD1C5B2F160033B20F;
			productRefGroup = F7D9F9E71C5B2F160033B20F /* Products */;
			projectDirPath = "";
			projectRoot = "";
			targets = (
				F7D9F9E51C5B2F160033B20F /* date */,
			);
		};
/* End PBXProject section */

/* Begin PBXResourcesBuildPhase section */
		F7D9F9E41C5B2F160033B20F /* Resources */ = {
			isa = PBXResourcesBuildPhase;
			buildActionMask = 2147483647;
			files = (
				F7D9F9F41C5B2F160033B20F /* LaunchScreen.storyboard in Resources */,
				F7D9F9F11C5B2F160033B20F /* Assets.xcassets in Resources */,
				F7D9F9EF1C5B2F160033B20F /* Main.storyboard in Resources */,
			);
			runOnlyForDeploymentPostprocessing = 0;
		};
/* End PBXResourcesBuildPhase section */

/* Begin PBXSourcesBuildPhase section */
		F7D9F9E21C5B2F160033B20F /* Sources */ = {
			isa = PBXSourcesBuildPhase;
			buildActionMask = 2147483647;
			files = (
				F7D9F9EC1C5B2F160033B20F /* ViewController.swift in Sources */,
				F7D9F9EA1C5B2F160033B20F /* AppDelegate.swift in Sources */,
			);
			runOnlyForDeploymentPostprocessing = 0;
		};
/* End PBXSourcesBuildPhase section */

/* Begin PBXVariantGroup section */
		F7D9F9ED1C5B2F160033B20F /* Main.storyboard */ = {
			isa = PBXVariantGroup;
			children = (
				F7D9F9EE1C5B2F160033B20F /* Base */,
			);
			name = Main.storyboard;
			sourceTree = "<group>";
		};
		F7D9F9F21C5B2F160033B20F /* LaunchScreen.storyboard */ = {
			isa = PBXVariantGroup;
			children = (
				F7D9F9F31C5B2F160033B20F /* Base */,
			);
			name = LaunchScreen.storyboard;
			sourceTree = "<group>";
		};
/* End PBXVariantGroup section */

/* Begin XCBuildConfiguration section */
		F7D9F9F61C5B2F160033B20F /* Debug */ = {
			isa = XCBuildConfiguration;
			buildSettings = {
				ALWAYS_SEARCH_USER_PATHS = NO;
				CLANG_CXX_LANGUAGE_STANDARD = "gnu++0x";
				CLANG_CXX_LIBRARY = "libc++";
				CLANG_ENABLE_MODULES = YES;
				CLANG_ENABLE_OBJC_ARC = YES;
				CLANG_WARN_BOOL_CONVERSION = YES;
				CLANG_WARN_CONSTANT_CONVERSION = YES;
				CLANG_WARN_DIRECT_OBJC_ISA_USAGE = YES_ERROR;
				CLANG_WARN_EMPTY_BODY = YES;
				CLANG_WARN_ENUM_CONVERSION = YES;
				CLANG_WARN_INT_CONVERSION = YES;
				CLANG_WARN_OBJC_ROOT_CLASS = YES_ERROR;
				CLANG_WARN_UNREACHABLE_CODE = YES;
				CLANG_WARN__DUPLICATE_METHOD_MATCH = YES;
				"CODE_SIGN_IDENTITY[sdk=iphoneos*]" = "iPhone Developer";
				COPY_PHASE_STRIP = NO;
				DEBUG_INFORMATION_FORMAT = dwarf;
				ENABLE_STRICT_OBJC_MSGSEND = YES;
				ENABLE_TESTABILITY = YES;
				GCC_C_LANGUAGE_STANDARD = gnu99;
				GCC_DYNAMIC_NO_PIC = NO;
				GCC_NO_COMMON_BLOCKS = YES;
				GCC_OPTIMIZATION_LEVEL = 0;
				GCC_PREPROCESSOR_DEFINITIONS = (
					"DEBUG=1",
					"$(inherited)",
				);
				GCC_WARN_64_TO_32_BIT_CONVERSION = YES;
				GCC_WARN_ABOUT_RETURN_TYPE = YES_ERROR;
				GCC_WARN_UNDECLARED_SELECTOR = YES;
				GCC_WARN_UNINITIALIZED_AUTOS = YES_AGGRESSIVE;
				GCC_WARN_UNUSED_FUNCTION = YES;
				GCC_WARN_UNUSED_VARIABLE = YES;
				IPHONEOS_DEPLOYMENT_TARGET = 9.2;
				MTL_ENABLE_DEBUG_INFO = YES;
				ONLY_ACTIVE_ARCH = YES;
				SDKROOT = iphoneos;
				SWIFT_OPTIMIZATION_LEVEL = "-Onone";
			};
			name = Debug;
		};
		F7D9F9F71C5B2F160033B20F /* Release */ = {
			isa = XCBuildConfiguration;
			buildSettings = {
				ALWAYS_SEARCH_USER_PATHS = NO;
				CLANG_CXX_LANGUAGE_STANDARD = "gnu++0x";
				CLANG_CXX_LIBRARY = "libc++";
				CLANG_ENABLE_MODULES = YES;
				CLANG_ENABLE_OBJC_ARC = YES;
				CLANG_WARN_BOOL_CONVERSION = YES;
				CLANG_WARN_CONSTANT_CONVERSION = YES;
				CLANG_WARN_DIRECT_OBJC_ISA_USAGE = YES_ERROR;
				CLANG_WARN_EMPTY_BODY = YES;
				CLANG_WARN_ENUM_CONVERSION = YES;
				CLANG_WARN_INT_CONVERSION = YES;
				CLANG_WARN_OBJC_ROOT_CLASS = YES_ERROR;
				CLANG_WARN_UNREACHABLE_CODE = YES;
				CLANG_WARN__DUPLICATE_METHOD_MATCH = YES;
				"CODE_SIGN_IDENTITY[sdk=iphoneos*]" = "iPhone Developer";
				COPY_PHASE_STRIP = NO;
				DEBUG_INFORMATION_FORMAT = "dwarf-with-dsym";
				ENABLE_NS_ASSERTIONS = NO;
				ENABLE_STRICT_OBJC_MSGSEND = YES;
				GCC_C_LANGUAGE_STANDARD = gnu99;
				GCC_NO_COMMON_BLOCKS = YES;
				GCC_WARN_64_TO_32_BIT_CONVERSION = YES;
				GCC_WARN_ABOUT_RETURN_TYPE = YES_ERROR;
				GCC_WARN_UNDECLARED_SELECTOR = YES;
				GCC_WARN_UNINITIALIZED_AUTOS = YES_AGGRESSIVE;
				GCC_WARN_UNUSED_FUNCTION = YES;
				GCC_WARN_UNUSED_VARIABLE = YES;
				IPHONEOS_DEPLOYMENT_TARGET = 9.2;
				MTL_ENABLE_DEBUG_INFO = NO;
				SDKROOT = iphoneos;
				VALIDATE_PRODUCT = YES;
			};
			name = Release;
		};
		F7D9F9F91C5B2F160033B20F /* Debug */ = {
			isa = XCBuildConfiguration;
			buildSettings = {
				ASSETCATALOG_COMPILER_APPICON_NAME = AppIcon;
				INFOPLIST_FILE = date/Info.plist;
				LD_RUNPATH_SEARCH_PATHS = "$(inherited) @executable_path/Frameworks";
				PRODUCT_BUNDLE_IDENTIFIER = apecrafts.com.date;
				PRODUCT_NAME = "$(TARGET_NAME)";
			};
			name = Debug;
		};
		F7D9F9FA1C5B2F160033B20F /* Release */ = {
			isa = XCBuildConfiguration;
			buildSettings = {
				ASSETCATALOG_COMPILER_APPICON_NAME = AppIcon;
				INFOPLIST_FILE = date/Info.plist;
				LD_RUNPATH_SEARCH_PATHS = "$(inherited) @executable_path/Frameworks";
				PRODUCT_BUNDLE_IDENTIFIER = apecrafts.com.date;
				PRODUCT_NAME = "$(TARGET_NAME)";
			};
			name = Release;
		};
/* End XCBuildConfiguration section */

/* Begin XCConfigurationList section */
		F7D9F9E11C5B2F160033B20F /* Build configuration list for PBXProject "date" */ = {
			isa = XCConfigurationList;
			buildConfigurations = (
				F7D9F9F61C5B2F160033B20F /* Debug */,
				F7D9F9F71C5B2F160033B20F /* Release */,
			);
			defaultConfigurationIsVisible = 0;
			defaultConfigurationName = Release;
		};
		F7D9F9F81C5B2F160033B20F /* Build configuration list for PBXNativeTarget "date" */ = {
			isa = XCConfigurationList;
			buildConfigurations = (
				F7D9F9F91C5B2F160033B20F /* Debug */,
				F7D9F9FA1C5B2F160033B20F /* Release */,
			);
			defaultConfigurationIsVisible = 0;
		};
/* End XCConfigurationList section */
	};
	rootObject = F7D9F9DE1C5B2F160033B20F /* Project object */;
}
