// !$*UTF8*$!
{
	archiveVersion = 1;
	classes = {
	};
	objectVersion = 46;
	objects = {

/* Begin PBXBuildFile section */
		F7F97A251C58AEC300DBC99B /* AppDelegate.swift in Sources */ = {isa = PBXBuildFile; fileRef = F7F97A241C58AEC300DBC99B /* AppDelegate.swift */; };
		F7F97A271C58AEC300DBC99B /* ViewController.swift in Sources */ = {isa = PBXBuildFile; fileRef = F7F97A261C58AEC300DBC99B /* ViewController.swift */; };
		F7F97A2A1C58AEC300DBC99B /* Main.storyboard in Resources */ = {isa = PBXBuildFile; fileRef = F7F97A281C58AEC300DBC99B /* Main.storyboard */; };
		F7F97A2C1C58AEC300DBC99B /* Assets.xcassets in Resources */ = {isa = PBXBuildFile; fileRef = F7F97A2B1C58AEC300DBC99B /* Assets.xcassets */; };
		F7F97A2F1C58AEC300DBC99B /* LaunchScreen.storyboard in Resources */ = {isa = PBXBuildFile; fileRef = F7F97A2D1C58AEC300DBC99B /* LaunchScreen.storyboard */; };
/* End PBXBuildFile section */

/* Begin PBXFileReference section */
		F7F97A211C58AEC300DBC99B /* Sword.app */ = {isa = PBXFileReference; explicitFileType = wrapper.application; includeInIndex = 0; path = Sword.app; sourceTree = BUILT_PRODUCTS_DIR; };
		F7F97A241C58AEC300DBC99B /* AppDelegate.swift */ = {isa = PBXFileReference; lastKnownFileType = sourcecode.swift; path = AppDelegate.swift; sourceTree = "<group>"; };
		F7F97A261C58AEC300DBC99B /* ViewController.swift */ = {isa = PBXFileReference; lastKnownFileType = sourcecode.swift; path = ViewController.swift; sourceTree = "<group>"; };
		F7F97A291C58AEC300DBC99B /* Base */ = {isa = PBXFileReference; lastKnownFileType = file.storyboard; name = Base; path = Base.lproj/Main.storyboard; sourceTree = "<group>"; };
		F7F97A2B1C58AEC300DBC99B /* Assets.xcassets */ = {isa = PBXFileReference; lastKnownFileType = folder.assetcatalog; path = Assets.xcassets; sourceTree = "<group>"; };
		F7F97A2E1C58AEC300DBC99B /* Base */ = {isa = PBXFileReference; lastKnownFileType = file.storyboard; name = Base; path = Base.lproj/LaunchScreen.storyboard; sourceTree = "<group>"; };
		F7F97A301C58AEC300DBC99B /* Info.plist */ = {isa = PBXFileReference; lastKnownFileType = text.plist.xml; path = Info.plist; sourceTree = "<group>"; };
/* End PBXFileReference section */

/* Begin PBXFrameworksBuildPhase section */
		F7F97A1E1C58AEC300DBC99B /* Frameworks */ = {
			isa = PBXFrameworksBuildPhase;
			buildActionMask = 2147483647;
			files = (
			);
			runOnlyForDeploymentPostprocessing = 0;
		};
/* End PBXFrameworksBuildPhase section */

/* Begin PBXGroup section */
		F7F97A181C58AEC300DBC99B = {
			isa = PBXGroup;
			children = (
				F7F97A231C58AEC300DBC99B /* Sword */,
				F7F97A221C58AEC300DBC99B /* Products */,
			);
			sourceTree = "<group>";
		};
		F7F97A221C58AEC300DBC99B /* Products */ = {
			isa = PBXGroup;
			children = (
				F7F97A211C58AEC300DBC99B /* Sword.app */,
			);
			name = Products;
			sourceTree = "<group>";
		};
		F7F97A231C58AEC300DBC99B /* Sword */ = {
			isa = PBXGroup;
			children = (
				F7F97A241C58AEC300DBC99B /* AppDelegate.swift */,
				F7F97A261C58AEC300DBC99B /* ViewController.swift */,
				F7F97A281C58AEC300DBC99B /* Main.storyboard */,
				F7F97A2B1C58AEC300DBC99B /* Assets.xcassets */,
				F7F97A2D1C58AEC300DBC99B /* LaunchScreen.storyboard */,
				F7F97A301C58AEC300DBC99B /* Info.plist */,
			);
			path = Sword;
			sourceTree = "<group>";
		};
/* End PBXGroup section */

/* Begin PBXNativeTarget section */
		F7F97A201C58AEC300DBC99B /* Sword */ = {
			isa = PBXNativeTarget;
			buildConfigurationList = F7F97A331C58AEC300DBC99B /* Build configuration list for PBXNativeTarget "Sword" */;
			buildPhases = (
				F7F97A1D1C58AEC300DBC99B /* Sources */,
				F7F97A1E1C58AEC300DBC99B /* Frameworks */,
				F7F97A1F1C58AEC300DBC99B /* Resources */,
			);
			buildRules = (
			);
			dependencies = (
			);
			name = Sword;
			productName = Sword;
			productReference = F7F97A211C58AEC300DBC99B /* Sword.app */;
			productType = "com.apple.product-type.application";
		};
/* End PBXNativeTarget section */

/* Begin PBXProject section */
		F7F97A191C58AEC300DBC99B /* Project object */ = {
			isa = PBXProject;
			attributes = {
				LastSwiftUpdateCheck = 0730;
				LastUpgradeCheck = 0730;
				ORGANIZATIONNAME = " NorthCity";
				TargetAttributes = {
					F7F97A201C58AEC300DBC99B = {
						CreatedOnToolsVersion = 7.3;
					};
				};
			};
			buildConfigurationList = F7F97A1C1C58AEC300DBC99B /* Build configuration list for PBXProject "Sword" */;
			compatibilityVersion = "Xcode 3.2";
			developmentRegion = English;
			hasScannedForEncodings = 0;
			knownRegions = (
				en,
				Base,
			);
			mainGroup = F7F97A181C58AEC300DBC99B;
			productRefGroup = F7F97A221C58AEC300DBC99B /* Products */;
			projectDirPath = "";
			projectRoot = "";
			targets = (
				F7F97A201C58AEC300DBC99B /* Sword */,
			);
		};
/* End PBXProject section */

/* Begin PBXResourcesBuildPhase section */
		F7F97A1F1C58AEC300DBC99B /* Resources */ = {
			isa = PBXResourcesBuildPhase;
			buildActionMask = 2147483647;
			files = (
				F7F97A2F1C58AEC300DBC99B /* LaunchScreen.storyboard in Resources */,
				F7F97A2C1C58AEC300DBC99B /* Assets.xcassets in Resources */,
				F7F97A2A1C58AEC300DBC99B /* Main.storyboard in Resources */,
			);
			runOnlyForDeploymentPostprocessing = 0;
		};
/* End PBXResourcesBuildPhase section */

/* Begin PBXSourcesBuildPhase section */
		F7F97A1D1C58AEC300DBC99B /* Sources */ = {
			isa = PBXSourcesBuildPhase;
			buildActionMask = 2147483647;
			files = (
				F7F97A271C58AEC300DBC99B /* ViewController.swift in Sources */,
				F7F97A251C58AEC300DBC99B /* AppDelegate.swift in Sources */,
			);
			runOnlyForDeploymentPostprocessing = 0;
		};
/* End PBXSourcesBuildPhase section */

/* Begin PBXVariantGroup section */
		F7F97A281C58AEC300DBC99B /* Main.storyboard */ = {
			isa = PBXVariantGroup;
			children = (
				F7F97A291C58AEC300DBC99B /* Base */,
			);
			name = Main.storyboard;
			sourceTree = "<group>";
		};
		F7F97A2D1C58AEC300DBC99B /* LaunchScreen.storyboard */ = {
			isa = PBXVariantGroup;
			children = (
				F7F97A2E1C58AEC300DBC99B /* Base */,
			);
			name = LaunchScreen.storyboard;
			sourceTree = "<group>";
		};
/* End PBXVariantGroup section */

/* Begin XCBuildConfiguration section */
		F7F97A311C58AEC300DBC99B /* Debug */ = {
			isa = XCBuildConfiguration;
			buildSettings = {
				ALWAYS_SEARCH_USER_PATHS = NO;
				CLANG_CXX_LANGUAGE_STANDARD = "gnu++0x";
				CLANG_CXX_LIBRARY = "libc++";
				CLANG_ENABLE_MODULES = YES;
				CLANG_ENABLE_OBJC_ARC = YES;
				CLANG_WARN_BOOL_CONVERSION = YES;
				CLANG_WARN_CONSTANT_CONVERSION = YES;
				CLANG_WARN_DIRECT_OBJC_ISA_USAGE = YES_ERROR;
				CLANG_WARN_EMPTY_BODY = YES;
				CLANG_WARN_ENUM_CONVERSION = YES;
				CLANG_WARN_INT_CONVERSION = YES;
				CLANG_WARN_OBJC_ROOT_CLASS = YES_ERROR;
				CLANG_WARN_UNREACHABLE_CODE = YES;
				CLANG_WARN__DUPLICATE_METHOD_MATCH = YES;
				"CODE_SIGN_IDENTITY[sdk=iphoneos*]" = "iPhone Developer";
				COPY_PHASE_STRIP = NO;
				DEBUG_INFORMATION_FORMAT = dwarf;
				ENABLE_STRICT_OBJC_MSGSEND = YES;
				ENABLE_TESTABILITY = YES;
				GCC_C_LANGUAGE_STANDARD = gnu99;
				GCC_DYNAMIC_NO_PIC = NO;
				GCC_NO_COMMON_BLOCKS = YES;
				GCC_OPTIMIZATION_LEVEL = 0;
				GCC_PREPROCESSOR_DEFINITIONS = (
					"DEBUG=1",
					"$(inherited)",
				);
				GCC_WARN_64_TO_32_BIT_CONVERSION = YES;
				GCC_WARN_ABOUT_RETURN_TYPE = YES_ERROR;
				GCC_WARN_UNDECLARED_SELECTOR = YES;
				GCC_WARN_UNINITIALIZED_AUTOS = YES_AGGRESSIVE;
				GCC_WARN_UNUSED_FUNCTION = YES;
				GCC_WARN_UNUSED_VARIABLE = YES;
				IPHONEOS_DEPLOYMENT_TARGET = 9.3;
				MTL_ENABLE_DEBUG_INFO = YES;
				ONLY_ACTIVE_ARCH = YES;
				SDKROOT = iphoneos;
				SWIFT_OPTIMIZATION_LEVEL = "-Onone";
			};
			name = Debug;
		};
		F7F97A321C58AEC300DBC99B /* Release */ = {
			isa = XCBuildConfiguration;
			buildSettings = {
				ALWAYS_SEARCH_USER_PATHS = NO;
				CLANG_CXX_LANGUAGE_STANDARD = "gnu++0x";
				CLANG_CXX_LIBRARY = "libc++";
				CLANG_ENABLE_MODULES = YES;
				CLANG_ENABLE_OBJC_ARC = YES;
				CLANG_WARN_BOOL_CONVERSION = YES;
				CLANG_WARN_CONSTANT_CONVERSION = YES;
				CLANG_WARN_DIRECT_OBJC_ISA_USAGE = YES_ERROR;
				CLANG_WARN_EMPTY_BODY = YES;
				CLANG_WARN_ENUM_CONVERSION = YES;
				CLANG_WARN_INT_CONVERSION = YES;
				CLANG_WARN_OBJC_ROOT_CLASS = YES_ERROR;
				CLANG_WARN_UNREACHABLE_CODE = YES;
				CLANG_WARN__DUPLICATE_METHOD_MATCH = YES;
				"CODE_SIGN_IDENTITY[sdk=iphoneos*]" = "iPhone Developer";
				COPY_PHASE_STRIP = NO;
				DEBUG_INFORMATION_FORMAT = "dwarf-with-dsym";
				ENABLE_NS_ASSERTIONS = NO;
				ENABLE_STRICT_OBJC_MSGSEND = YES;
				GCC_C_LANGUAGE_STANDARD = gnu99;
				GCC_NO_COMMON_BLOCKS = YES;
				GCC_WARN_64_TO_32_BIT_CONVERSION = YES;
				GCC_WARN_ABOUT_RETURN_TYPE = YES_ERROR;
				GCC_WARN_UNDECLARED_SELECTOR = YES;
				GCC_WARN_UNINITIALIZED_AUTOS = YES_AGGRESSIVE;
				GCC_WARN_UNUSED_FUNCTION = YES;
				GCC_WARN_UNUSED_VARIABLE = YES;
				IPHONEOS_DEPLOYMENT_TARGET = 9.3;
				MTL_ENABLE_DEBUG_INFO = NO;
				SDKROOT = iphoneos;
				VALIDATE_PRODUCT = YES;
			};
			name = Release;
		};
		F7F97A341C58AEC300DBC99B /* Debug */ = {
			isa = XCBuildConfiguration;
			buildSettings = {
				ASSETCATALOG_COMPILER_APPICON_NAME = AppIcon;
				INFOPLIST_FILE = Sword/Info.plist;
				LD_RUNPATH_SEARCH_PATHS = "$(inherited) @executable_path/Frameworks";
				PRODUCT_BUNDLE_IDENTIFIER = apecrafts.com.Sword;
				PRODUCT_NAME = "$(TARGET_NAME)";
			};
			name = Debug;
		};
		F7F97A351C58AEC300DBC99B /* Release */ = {
			isa = XCBuildConfiguration;
			buildSettings = {
				ASSETCATALOG_COMPILER_APPICON_NAME = AppIcon;
				INFOPLIST_FILE = Sword/Info.plist;
				LD_RUNPATH_SEARCH_PATHS = "$(inherited) @executable_path/Frameworks";
				PRODUCT_BUNDLE_IDENTIFIER = apecrafts.com.Sword;
				PRODUCT_NAME = "$(TARGET_NAME)";
			};
			name = Release;
		};
/* End XCBuildConfiguration section */

/* Begin XCConfigurationList section */
		F7F97A1C1C58AEC300DBC99B /* Build configuration list for PBXProject "Sword" */ = {
			isa = XCConfigurationList;
			buildConfigurations = (
				F7F97A311C58AEC300DBC99B /* Debug */,
				F7F97A321C58AEC300DBC99B /* Release */,
			);
			defaultConfigurationIsVisible = 0;
			defaultConfigurationName = Release;
		};
		F7F97A331C58AEC300DBC99B /* Build configuration list for PBXNativeTarget "Sword" */ = {
			isa = XCConfigurationList;
			buildConfigurations = (
				F7F97A341C58AEC300DBC99B /* Debug */,
				F7F97A351C58AEC300DBC99B /* Release */,
			);
			defaultConfigurationIsVisible = 0;
		};
/* End XCConfigurationList section */
	};
	rootObject = F7F97A191C58AEC300DBC99B /* Project object */;
}
